
Microsoft Visual Studio Solution File, Format Version 12.00
# Visual Studio Version 17
VisualStudioVersion = 17.4.33122.133
MinimumVisualStudioVersion = 10.0.40219.1
Project("{9A19103F-16F7-4668-BE54-9A1E7A4F7556}") = "EnvInfo.DotVVM", "EnvInfo.DotVVM\EnvInfo.DotVVM.csproj", "{842B58C8-F5B1-4F6E-8D04-8856837B5C4F}"
EndProject
Project("{9A19103F-16F7-4668-BE54-9A1E7A4F7556}") = "EnvInfo.Mvc", "EnvInfo.Mvc\EnvInfo.Mvc.csproj", "{7F04266D-BE20-45ED-AF73-18BF8FEB68BC}"
EndProject
Project("{9A19103F-16F7-4668-BE54-9A1E7A4F7556}") = "EnvInfo.Core", "EnvInfo.Core\EnvInfo.Core.csproj", "{680D97F0-BBF2-4B3C-971E-CB8F7F44251A}"
EndProject
Project("{2150E333-8FDC-42A3-9474-1A3956D46DE8}") = "others", "others", "{548A11D8-037F-4145-AC61-C22B0A7A427D}"
	ProjectSection(SolutionItems) = preProject
		Directory.Build.props = Directory.Build.props
		..\tools\pack.ps1 = ..\tools\pack.ps1
		..\README.md = ..\README.md
	EndProjectSection
EndProject
Project("{2150E333-8FDC-42A3-9474-1A3956D46DE8}") = "samples", "samples", "{49CFC709-E36D-4029-9B80-FA20D6870866}"
EndProject
Project("{9A19103F-16F7-4668-BE54-9A1E7A4F7556}") = "EnvInfoSample", "..\samples\EnvInfoSample\EnvInfoSample.csproj", "{5B21865C-7B03-4015-B3AF-622279F4E0DB}"
EndProject
Global
	GlobalSection(SolutionConfigurationPlatforms) = preSolution
		Debug|Any CPU = Debug|Any CPU
		Release|Any CPU = Release|Any CPU
	EndGlobalSection
	GlobalSection(ProjectConfigurationPlatforms) = postSolution
		{842B58C8-F5B1-4F6E-8D04-8856837B5C4F}.Debug|Any CPU.ActiveCfg = Debug|Any CPU
		{842B58C8-F5B1-4F6E-8D04-8856837B5C4F}.Debug|Any CPU.Build.0 = Debug|Any CPU
		{842B58C8-F5B1-4F6E-8D04-8856837B5C4F}.Release|Any CPU.ActiveCfg = Release|Any CPU
		{842B58C8-F5B1-4F6E-8D04-8856837B5C4F}.Release|Any CPU.Build.0 = Release|Any CPU
		{7F04266D-BE20-45ED-AF73-18BF8FEB68BC}.Debug|Any CPU.ActiveCfg = Debug|Any CPU
		{7F04266D-BE20-45ED-AF73-18BF8FEB68BC}.Debug|Any CPU.Build.0 = Debug|Any CPU
		{7F04266D-BE20-45ED-AF73-18BF8FEB68BC}.Release|Any CPU.ActiveCfg = Release|Any CPU
		{7F04266D-BE20-45ED-AF73-18BF8FEB68BC}.Release|Any CPU.Build.0 = Release|Any CPU
		{680D97F0-BBF2-4B3C-971E-CB8F7F44251A}.Debug|Any CPU.ActiveCfg = Debug|Any CPU
		{680D97F0-BBF2-4B3C-971E-CB8F7F44251A}.Debug|Any CPU.Build.0 = Debug|Any CPU
		{680D97F0-BBF2-4B3C-971E-CB8F7F44251A}.Release|Any CPU.ActiveCfg = Release|Any CPU
		{680D97F0-BBF2-4B3C-971E-CB8F7F44251A}.Release|Any CPU.Build.0 = Release|Any CPU
		{5B21865C-7B03-4015-B3AF-622279F4E0DB}.Debug|Any CPU.ActiveCfg = Debug|Any CPU
		{5B21865C-7B03-4015-B3AF-622279F4E0DB}.Debug|Any CPU.Build.0 = Debug|Any CPU
		{5B21865C-7B03-4015-B3AF-622279F4E0DB}.Release|Any CPU.ActiveCfg = Release|Any CPU
		{5B21865C-7B03-4015-B3AF-622279F4E0DB}.Release|Any CPU.Build.0 = Release|Any CPU
	EndGlobalSection
	GlobalSection(SolutionProperties) = preSolution
		HideSolutionNode = FALSE
	EndGlobalSection
	GlobalSection(NestedProjects) = preSolution
		{5B21865C-7B03-4015-B3AF-622279F4E0DB} = {49CFC709-E36D-4029-9B80-FA20D6870866}
	EndGlobalSection
	GlobalSection(ExtensibilityGlobals) = postSolution
		SolutionGuid = {9257A7E5-83A0-4AD4-8F23-031E4673605F}
	EndGlobalSection
EndGlobal
